
Microsoft Visual Studio Solution File, Format Version 12.00
# Visual Studio 15
VisualStudioVersion = 15.0.26124.0
MinimumVisualStudioVersion = 15.0.26124.0
Project("{2150E333-8FDC-42A3-9474-1A3956D46DE8}") = "src", "src", "{2D3A3B9B-10D8-422A-8BEC-E42A21CEDC8F}"
EndProject
Project("{FAE04EC0-301F-11D3-BF4B-00C04F79EFBC}") = "CommandAPI", "src\CommandAPI\CommandAPI.csproj", "{343CCA06-99EB-4039-BDAB-B9899735FA24}"
EndProject
Project("{2150E333-8FDC-42A3-9474-1A3956D46DE8}") = "test", "test", "{30DF6322-8C20-47DF-894B-287823AF279E}"
EndProject
Project("{FAE04EC0-301F-11D3-BF4B-00C04F79EFBC}") = "CommandAPI.Tests", "test\CommandAPI.Tests\CommandAPI.Tests.csproj", "{98E096DF-AADC-4822-8376-3CD160C0364C}"
EndProject
Global
	GlobalSection(SolutionConfigurationPlatforms) = preSolution
		Debug|Any CPU = Debug|Any CPU
		Debug|x64 = Debug|x64
		Debug|x86 = Debug|x86
		Release|Any CPU = Release|Any CPU
		Release|x64 = Release|x64
		Release|x86 = Release|x86
	EndGlobalSection
	GlobalSection(SolutionProperties) = preSolution
		HideSolutionNode = FALSE
	EndGlobalSection
	GlobalSection(ProjectConfigurationPlatforms) = postSolution
		{343CCA06-99EB-4039-BDAB-B9899735FA24}.Debug|Any CPU.ActiveCfg = Debug|Any CPU
		{343CCA06-99EB-4039-BDAB-B9899735FA24}.Debug|Any CPU.Build.0 = Debug|Any CPU
		{343CCA06-99EB-4039-BDAB-B9899735FA24}.Debug|x64.ActiveCfg = Debug|Any CPU
		{343CCA06-99EB-4039-BDAB-B9899735FA24}.Debug|x64.Build.0 = Debug|Any CPU
		{343CCA06-99EB-4039-BDAB-B9899735FA24}.Debug|x86.ActiveCfg = Debug|Any CPU
		{343CCA06-99EB-4039-BDAB-B9899735FA24}.Debug|x86.Build.0 = Debug|Any CPU
		{343CCA06-99EB-4039-BDAB-B9899735FA24}.Release|Any CPU.ActiveCfg = Release|Any CPU
		{343CCA06-99EB-4039-BDAB-B9899735FA24}.Release|Any CPU.Build.0 = Release|Any CPU
		{343CCA06-99EB-4039-BDAB-B9899735FA24}.Release|x64.ActiveCfg = Release|Any CPU
		{343CCA06-99EB-4039-BDAB-B9899735FA24}.Release|x64.Build.0 = Release|Any CPU
		{343CCA06-99EB-4039-BDAB-B9899735FA24}.Release|x86.ActiveCfg = Release|Any CPU
		{343CCA06-99EB-4039-BDAB-B9899735FA24}.Release|x86.Build.0 = Release|Any CPU
		{98E096DF-AADC-4822-8376-3CD160C0364C}.Debug|Any CPU.ActiveCfg = Debug|Any CPU
		{98E096DF-AADC-4822-8376-3CD160C0364C}.Debug|Any CPU.Build.0 = Debug|Any CPU
		{98E096DF-AADC-4822-8376-3CD160C0364C}.Debug|x64.ActiveCfg = Debug|Any CPU
		{98E096DF-AADC-4822-8376-3CD160C0364C}.Debug|x64.Build.0 = Debug|Any CPU
		{98E096DF-AADC-4822-8376-3CD160C0364C}.Debug|x86.ActiveCfg = Debug|Any CPU
		{98E096DF-AADC-4822-8376-3CD160C0364C}.Debug|x86.Build.0 = Debug|Any CPU
		{98E096DF-AADC-4822-8376-3CD160C0364C}.Release|Any CPU.ActiveCfg = Release|Any CPU
		{98E096DF-AADC-4822-8376-3CD160C0364C}.Release|Any CPU.Build.0 = Release|Any CPU
		{98E096DF-AADC-4822-8376-3CD160C0364C}.Release|x64.ActiveCfg = Release|Any CPU
		{98E096DF-AADC-4822-8376-3CD160C0364C}.Release|x64.Build.0 = Release|Any CPU
		{98E096DF-AADC-4822-8376-3CD160C0364C}.Release|x86.ActiveCfg = Release|Any CPU
		{98E096DF-AADC-4822-8376-3CD160C0364C}.Release|x86.Build.0 = Release|Any CPU
	EndGlobalSection
	GlobalSection(NestedProjects) = preSolution
		{343CCA06-99EB-4039-BDAB-B9899735FA24} = {2D3A3B9B-10D8-422A-8BEC-E42A21CEDC8F}
		{98E096DF-AADC-4822-8376-3CD160C0364C} = {30DF6322-8C20-47DF-894B-287823AF279E}
	EndGlobalSection
EndGlobal
